hash: 01d5c98140008f1642573b93664f20a8937dda0cb1046b49fa28429155884a59
updated: 2018-03-07T12:36:38.344501704+08:00
imports:
- name: github.com/julienschmidt/httprouter
  version: 8c199fb6259ffc1af525cc3ad52ee60ba8359669
- name: github.com/shengkehua/xlog4go
  version: 9ec09ccd39228646075c8f1c84ea6ecebcc060f7
testImports: []
